// !$*UTF8*$!
{
	archiveVersion = 1;
	classes = {
	};
	objectVersion = 46;
	objects = {

/* Begin PBXBuildFile section */
		3825C3D61661366300940043 /* CustomCell.m in Sources */ = {isa = PBXBuildFile; fileRef = 3825C3D51661366300940043 /* CustomCell.m */; };
		382CE679164B4D4900BD34FA /* MessageUI.framework in Frameworks */ = {isa = PBXBuildFile; fileRef = 382CE678164B4D4900BD34FA /* MessageUI.framework */; };
		382CE67C164B4D5200BD34FA /* Twitter.framework in Frameworks */ = {isa = PBXBuildFile; fileRef = 382CE67B164B4D5200BD34FA /* Twitter.framework */; };
		382CE67E164B517200BD34FA /* Social.framework in Frameworks */ = {isa = PBXBuildFile; fileRef = 382CE67D164B517200BD34FA /* Social.framework */; };
		384CD7FA165D584D00AD97E5 /* aboutTabButton_Pressed@2x.png in Resources */ = {isa = PBXBuildFile; fileRef = 384CD7F2165D584D00AD97E5 /* aboutTabButton_Pressed@2x.png */; };
		384CD7FB165D584D00AD97E5 /* aboutTabButton@2x.png in Resources */ = {isa = PBXBuildFile; fileRef = 384CD7F3165D584D00AD97E5 /* aboutTabButton@2x.png */; };
		384CD7FC165D584D00AD97E5 /* contactTabButton_Pressed@2x.png in Resources */ = {isa = PBXBuildFile; fileRef = 384CD7F4165D584D00AD97E5 /* contactTabButton_Pressed@2x.png */; };
		384CD7FD165D584D00AD97E5 /* contactTabButton@2x.png in Resources */ = {isa = PBXBuildFile; fileRef = 384CD7F5165D584D00AD97E5 /* contactTabButton@2x.png */; };
		384CD7FE165D584D00AD97E5 /* homeTabButton_Pressed@2x.png in Resources */ = {isa = PBXBuildFile; fileRef = 384CD7F6165D584D00AD97E5 /* homeTabButton_Pressed@2x.png */; };
		384CD7FF165D584D00AD97E5 /* homeTabButton@2x.png in Resources */ = {isa = PBXBuildFile; fileRef = 384CD7F7165D584D00AD97E5 /* homeTabButton@2x.png */; };
		384CD800165D584D00AD97E5 /* menuTabButton_Pressed@2x.png in Resources */ = {isa = PBXBuildFile; fileRef = 384CD7F8165D584D00AD97E5 /* menuTabButton_Pressed@2x.png */; };
		384CD801165D584D00AD97E5 /* menuTabButton@2x.png in Resources */ = {isa = PBXBuildFile; fileRef = 384CD7F9165D584D00AD97E5 /* menuTabButton@2x.png */; };
		384CD804165D60D300AD97E5 /* navigationHeader@2x.png in Resources */ = {isa = PBXBuildFile; fileRef = 384CD803165D60D300AD97E5 /* navigationHeader@2x.png */; };
		384CD807165D665D00AD97E5 /* homePageBanner@2x.png in Resources */ = {isa = PBXBuildFile; fileRef = 384CD806165D665D00AD97E5 /* homePageBanner@2x.png */; };
		384CD809165D7FF200AD97E5 /* bottomAd@2x.png in Resources */ = {isa = PBXBuildFile; fileRef = 384CD808165D7FF200AD97E5 /* bottomAd@2x.png */; };
		384CD80C165D82C000AD97E5 /* YouTubeViewController.m in Sources */ = {isa = PBXBuildFile; fileRef = 384CD80B165D82C000AD97E5 /* YouTubeViewController.m */; };
		384CD80F165D852200AD97E5 /* GooglePlusViewController.m in Sources */ = {isa = PBXBuildFile; fileRef = 384CD80E165D852200AD97E5 /* GooglePlusViewController.m */; };
		384CD815165DAE5700AD97E5 /* aboutUsBanner@2x.png in Resources */ = {isa = PBXBuildFile; fileRef = 384CD814165DAE5700AD97E5 /* aboutUsBanner@2x.png */; };
		385DA990166F0B6E00385761 /* GoogleMapsViewController.m in Sources */ = {isa = PBXBuildFile; fileRef = 385DA98F166F0B6E00385761 /* GoogleMapsViewController.m */; };
		3888598C166476B0008F7518 /* image0@2x.png in Resources */ = {isa = PBXBuildFile; fileRef = 38885988166476B0008F7518 /* image0@2x.png */; };
		3888598D166476B0008F7518 /* image1@2x.png in Resources */ = {isa = PBXBuildFile; fileRef = 38885989166476B0008F7518 /* image1@2x.png */; };
		3888598E166476B0008F7518 /* image2@2x.png in Resources */ = {isa = PBXBuildFile; fileRef = 3888598A166476B0008F7518 /* image2@2x.png */; };
		3888598F166476B0008F7518 /* image3@2x.png in Resources */ = {isa = PBXBuildFile; fileRef = 3888598B166476B0008F7518 /* image3@2x.png */; };
		389119EE164A233100983FB3 /* UIKit.framework in Frameworks */ = {isa = PBXBuildFile; fileRef = 389119ED164A233100983FB3 /* UIKit.framework */; };
		389119F0164A233100983FB3 /* Foundation.framework in Frameworks */ = {isa = PBXBuildFile; fileRef = 389119EF164A233100983FB3 /* Foundation.framework */; };
		389119F2164A233100983FB3 /* CoreGraphics.framework in Frameworks */ = {isa = PBXBuildFile; fileRef = 389119F1164A233100983FB3 /* CoreGraphics.framework */; };
		389119F8164A233100983FB3 /* InfoPlist.strings in Resources */ = {isa = PBXBuildFile; fileRef = 389119F6164A233100983FB3 /* InfoPlist.strings */; };
		389119FA164A233100983FB3 /* main.m in Sources */ = {isa = PBXBuildFile; fileRef = 389119F9164A233100983FB3 /* main.m */; };
		389119FE164A233100983FB3 /* AppDelegate.m in Sources */ = {isa = PBXBuildFile; fileRef = 389119FD164A233100983FB3 /* AppDelegate.m */; };
		38911A00164A233100983FB3 /* Default.png in Resources */ = {isa = PBXBuildFile; fileRef = 389119FF164A233100983FB3 /* Default.png */; };
		38911A07164A233100983FB3 /* MainStoryboard.storyboard in Resources */ = {isa = PBXBuildFile; fileRef = 38911A05164A233100983FB3 /* MainStoryboard.storyboard */; };
		38911A0A164A233100983FB3 /* ViewController.m in Sources */ = {isa = PBXBuildFile; fileRef = 38911A09164A233100983FB3 /* ViewController.m */; };
		38ADF57E166420E600AD4149 /* Default@2x.png in Resources */ = {isa = PBXBuildFile; fileRef = 38ADF57D166420E600AD4149 /* Default@2x.png */; };
		38ADF580166420F400AD4149 /* Default-568h@2x.png in Resources */ = {isa = PBXBuildFile; fileRef = 38ADF57F166420F400AD4149 /* Default-568h@2x.png */; };
		38BC6B7E164AE06300FB3786 /* ContactUsViewController.m in Sources */ = {isa = PBXBuildFile; fileRef = 38BC6B7D164AE06300FB3786 /* ContactUsViewController.m */; };
		38BC6B81164AE23F00FB3786 /* MenuViewController.m in Sources */ = {isa = PBXBuildFile; fileRef = 38BC6B80164AE23F00FB3786 /* MenuViewController.m */; };
		38BC6B85164AE2DA00FB3786 /* autoCADKeyboardShortcuts.pdf in Resources */ = {isa = PBXBuildFile; fileRef = 38BC6B84164AE2DA00FB3786 /* autoCADKeyboardShortcuts.pdf */; };
		38BC6B88164AE56900FB3786 /* AboutUsViewController.m in Sources */ = {isa = PBXBuildFile; fileRef = 38BC6B87164AE56900FB3786 /* AboutUsViewController.m */; };
		38BC6B8B164AEC3800FB3786 /* LocationViewController.m in Sources */ = {isa = PBXBuildFile; fileRef = 38BC6B8A164AEC3800FB3786 /* LocationViewController.m */; };
		38BC6B8D164AECD500FB3786 /* MapKit.framework in Frameworks */ = {isa = PBXBuildFile; fileRef = 38BC6B8C164AECD500FB3786 /* MapKit.framework */; };
		38BC6B8F164B201B00FB3786 /* CoreLocation.framework in Frameworks */ = {isa = PBXBuildFile; fileRef = 38BC6B8E164B201B00FB3786 /* CoreLocation.framework */; };
/* End PBXBuildFile section */

/* Begin PBXFileReference section */
		3825C3D41661366300940043 /* CustomCell.h */ = {isa = PBXFileReference; fileEncoding = 4; lastKnownFileType = sourcecode.c.h; path = CustomCell.h; sourceTree = "<group>"; };
		3825C3D51661366300940043 /* CustomCell.m */ = {isa = PBXFileReference; fileEncoding = 4; lastKnownFileType = sourcecode.c.objc; path = CustomCell.m; sourceTree = "<group>"; };
		382CE678164B4D4900BD34FA /* MessageUI.framework */ = {isa = PBXFileReference; lastKnownFileType = wrapper.framework; name = MessageUI.framework; path = System/Library/Frameworks/MessageUI.framework; sourceTree = SDKROOT; };
		382CE67B164B4D5200BD34FA /* Twitter.framework */ = {isa = PBXFileReference; lastKnownFileType = wrapper.framework; name = Twitter.framework; path = System/Library/Frameworks/Twitter.framework; sourceTree = SDKROOT; };
		382CE67D164B517200BD34FA /* Social.framework */ = {isa = PBXFileReference; lastKnownFileType = wrapper.framework; name = Social.framework; path = System/Library/Frameworks/Social.framework; sourceTree = SDKROOT; };
		384CD7F2165D584D00AD97E5 /* aboutTabButton_Pressed@2x.png */ = {isa = PBXFileReference; lastKnownFileType = image.png; path = "aboutTabButton_Pressed@2x.png"; sourceTree = "<group>"; };
		384CD7F3165D584D00AD97E5 /* aboutTabButton@2x.png */ = {isa = PBXFileReference; lastKnownFileType = image.png; path = "aboutTabButton@2x.png"; sourceTree = "<group>"; };
		384CD7F4165D584D00AD97E5 /* contactTabButton_Pressed@2x.png */ = {isa = PBXFileReference; lastKnownFileType = image.png; path = "contactTabButton_Pressed@2x.png"; sourceTree = "<group>"; };
		384CD7F5165D584D00AD97E5 /* contactTabButton@2x.png */ = {isa = PBXFileReference; lastKnownFileType = image.png; path = "contactTabButton@2x.png"; sourceTree = "<group>"; };
		384CD7F6165D584D00AD97E5 /* homeTabButton_Pressed@2x.png */ = {isa = PBXFileReference; lastKnownFileType = image.png; path = "homeTabButton_Pressed@2x.png"; sourceTree = "<group>"; };
		384CD7F7165D584D00AD97E5 /* homeTabButton@2x.png */ = {isa = PBXFileReference; lastKnownFileType = image.png; path = "homeTabButton@2x.png"; sourceTree = "<group>"; };
		384CD7F8165D584D00AD97E5 /* menuTabButton_Pressed@2x.png */ = {isa = PBXFileReference; lastKnownFileType = image.png; path = "menuTabButton_Pressed@2x.png"; sourceTree = "<group>"; };
		384CD7F9165D584D00AD97E5 /* menuTabButton@2x.png */ = {isa = PBXFileReference; lastKnownFileType = image.png; path = "menuTabButton@2x.png"; sourceTree = "<group>"; };
		384CD803165D60D300AD97E5 /* navigationHeader@2x.png */ = {isa = PBXFileReference; lastKnownFileType = image.png; path = "navigationHeader@2x.png"; sourceTree = "<group>"; };
		384CD806165D665D00AD97E5 /* homePageBanner@2x.png */ = {isa = PBXFileReference; lastKnownFileType = image.png; path = "homePageBanner@2x.png"; sourceTree = "<group>"; };
		384CD808165D7FF200AD97E5 /* bottomAd@2x.png */ = {isa = PBXFileReference; lastKnownFileType = image.png; path = "bottomAd@2x.png"; sourceTree = "<group>"; };
		384CD80A165D82C000AD97E5 /* YouTubeViewController.h */ = {isa = PBXFileReference; fileEncoding = 4; lastKnownFileType = sourcecode.c.h; path = YouTubeViewController.h; sourceTree = "<group>"; };
		384CD80B165D82C000AD97E5 /* YouTubeViewController.m */ = {isa = PBXFileReference; fileEncoding = 4; lastKnownFileType = sourcecode.c.objc; path = YouTubeViewController.m; sourceTree = "<group>"; };
		384CD80D165D852200AD97E5 /* GooglePlusViewController.h */ = {isa = PBXFileReference; fileEncoding = 4; lastKnownFileType = sourcecode.c.h; path = GooglePlusViewController.h; sourceTree = "<group>"; };
		384CD80E165D852200AD97E5 /* GooglePlusViewController.m */ = {isa = PBXFileReference; fileEncoding = 4; lastKnownFileType = sourcecode.c.objc; path = GooglePlusViewController.m; sourceTree = "<group>"; };
		384CD814165DAE5700AD97E5 /* aboutUsBanner@2x.png */ = {isa = PBXFileReference; lastKnownFileType = image.png; path = "aboutUsBanner@2x.png"; sourceTree = "<group>"; };
		385DA98E166F0B6E00385761 /* GoogleMapsViewController.h */ = {isa = PBXFileReference; fileEncoding = 4; lastKnownFileType = sourcecode.c.h; path = GoogleMapsViewController.h; sourceTree = "<group>"; };
		385DA98F166F0B6E00385761 /* GoogleMapsViewController.m */ = {isa = PBXFileReference; fileEncoding = 4; lastKnownFileType = sourcecode.c.objc; path = GoogleMapsViewController.m; sourceTree = "<group>"; };
		38885988166476B0008F7518 /* image0@2x.png */ = {isa = PBXFileReference; lastKnownFileType = image.png; path = "image0@2x.png"; sourceTree = "<group>"; };
		38885989166476B0008F7518 /* image1@2x.png */ = {isa = PBXFileReference; lastKnownFileType = image.png; path = "image1@2x.png"; sourceTree = "<group>"; };
		3888598A166476B0008F7518 /* image2@2x.png */ = {isa = PBXFileReference; lastKnownFileType = image.png; path = "image2@2x.png"; sourceTree = "<group>"; };
		3888598B166476B0008F7518 /* image3@2x.png */ = {isa = PBXFileReference; lastKnownFileType = image.png; path = "image3@2x.png"; sourceTree = "<group>"; };
		389119E9164A233100983FB3 /* BranzaBaseCode.app */ = {isa = PBXFileReference; explicitFileType = wrapper.application; includeInIndex = 0; path = BranzaBaseCode.app; sourceTree = BUILT_PRODUCTS_DIR; };
		389119ED164A233100983FB3 /* UIKit.framework */ = {isa = PBXFileReference; lastKnownFileType = wrapper.framework; name = UIKit.framework; path = System/Library/Frameworks/UIKit.framework; sourceTree = SDKROOT; };
		389119EF164A233100983FB3 /* Foundation.framework */ = {isa = PBXFileReference; lastKnownFileType = wrapper.framework; name = Foundation.framework; path = System/Library/Frameworks/Foundation.framework; sourceTree = SDKROOT; };
		389119F1164A233100983FB3 /* CoreGraphics.framework */ = {isa = PBXFileReference; lastKnownFileType = wrapper.framework; name = CoreGraphics.framework; path = System/Library/Frameworks/CoreGraphics.framework; sourceTree = SDKROOT; };
		389119F5164A233100983FB3 /* BranzaBaseCode-Info.plist */ = {isa = PBXFileReference; lastKnownFileType = text.plist.xml; path = "BranzaBaseCode-Info.plist"; sourceTree = "<group>"; };
		389119F7164A233100983FB3 /* en */ = {isa = PBXFileReference; lastKnownFileType = text.plist.strings; name = en; path = en.lproj/InfoPlist.strings; sourceTree = "<group>"; };
		389119F9164A233100983FB3 /* main.m */ = {isa = PBXFileReference; lastKnownFileType = sourcecode.c.objc; path = main.m; sourceTree = "<group>"; };
		389119FB164A233100983FB3 /* BranzaBaseCode-Prefix.pch */ = {isa = PBXFileReference; lastKnownFileType = sourcecode.c.h; path = "BranzaBaseCode-Prefix.pch"; sourceTree = "<group>"; };
		389119FC164A233100983FB3 /* AppDelegate.h */ = {isa = PBXFileReference; lastKnownFileType = sourcecode.c.h; path = AppDelegate.h; sourceTree = "<group>"; };
		389119FD164A233100983FB3 /* AppDelegate.m */ = {isa = PBXFileReference; lastKnownFileType = sourcecode.c.objc; path = AppDelegate.m; sourceTree = "<group>"; };
		389119FF164A233100983FB3 /* Default.png */ = {isa = PBXFileReference; lastKnownFileType = image.png; path = Default.png; sourceTree = "<group>"; };
		38911A06164A233100983FB3 /* en */ = {isa = PBXFileReference; lastKnownFileType = file.storyboard; name = en; path = en.lproj/MainStoryboard.storyboard; sourceTree = "<group>"; };
		38911A08164A233100983FB3 /* ViewController.h */ = {isa = PBXFileReference; lastKnownFileType = sourcecode.c.h; path = ViewController.h; sourceTree = "<group>"; };
		38911A09164A233100983FB3 /* ViewController.m */ = {isa = PBXFileReference; lastKnownFileType = sourcecode.c.objc; path = ViewController.m; sourceTree = "<group>"; };
		38ADF57D166420E600AD4149 /* Default@2x.png */ = {isa = PBXFileReference; lastKnownFileType = image.png; name = "Default@2x.png"; path = "../Default@2x.png"; sourceTree = "<group>"; };
		38ADF57F166420F400AD4149 /* Default-568h@2x.png */ = {isa = PBXFileReference; lastKnownFileType = image.png; name = "Default-568h@2x.png"; path = "../Default-568h@2x.png"; sourceTree = "<group>"; };
		38BC6B7C164AE06300FB3786 /* ContactUsViewController.h */ = {isa = PBXFileReference; fileEncoding = 4; lastKnownFileType = sourcecode.c.h; path = ContactUsViewController.h; sourceTree = "<group>"; };
		38BC6B7D164AE06300FB3786 /* ContactUsViewController.m */ = {isa = PBXFileReference; fileEncoding = 4; lastKnownFileType = sourcecode.c.objc; path = ContactUsViewController.m; sourceTree = "<group>"; };
		38BC6B7F164AE23F00FB3786 /* MenuViewController.h */ = {isa = PBXFileReference; fileEncoding = 4; lastKnownFileType = sourcecode.c.h; path = MenuViewController.h; sourceTree = "<group>"; };
		38BC6B80164AE23F00FB3786 /* MenuViewController.m */ = {isa = PBXFileReference; fileEncoding = 4; lastKnownFileType = sourcecode.c.objc; path = MenuViewController.m; sourceTree = "<group>"; };
		38BC6B84164AE2DA00FB3786 /* autoCADKeyboardShortcuts.pdf */ = {isa = PBXFileReference; lastKnownFileType = image.pdf; path = autoCADKeyboardShortcuts.pdf; sourceTree = "<group>"; };
		38BC6B86164AE56900FB3786 /* AboutUsViewController.h */ = {isa = PBXFileReference; fileEncoding = 4; lastKnownFileType = sourcecode.c.h; path = AboutUsViewController.h; sourceTree = "<group>"; };
		38BC6B87164AE56900FB3786 /* AboutUsViewController.m */ = {isa = PBXFileReference; fileEncoding = 4; lastKnownFileType = sourcecode.c.objc; path = AboutUsViewController.m; sourceTree = "<group>"; };
		38BC6B89164AEC3800FB3786 /* LocationViewController.h */ = {isa = PBXFileReference; fileEncoding = 4; lastKnownFileType = sourcecode.c.h; path = LocationViewController.h; sourceTree = "<group>"; };
		38BC6B8A164AEC3800FB3786 /* LocationViewController.m */ = {isa = PBXFileReference; fileEncoding = 4; lastKnownFileType = sourcecode.c.objc; path = LocationViewController.m; sourceTree = "<group>"; };
		38BC6B8C164AECD500FB3786 /* MapKit.framework */ = {isa = PBXFileReference; lastKnownFileType = wrapper.framework; name = MapKit.framework; path = System/Library/Frameworks/MapKit.framework; sourceTree = SDKROOT; };
		38BC6B8E164B201B00FB3786 /* CoreLocation.framework */ = {isa = PBXFileReference; lastKnownFileType = wrapper.framework; name = CoreLocation.framework; path = System/Library/Frameworks/CoreLocation.framework; sourceTree = SDKROOT; };
/* End PBXFileReference section */

/* Begin PBXFrameworksBuildPhase section */
		389119E6164A233100983FB3 /* Frameworks */ = {
			isa = PBXFrameworksBuildPhase;
			buildActionMask = 2147483647;
			files = (
				382CE67E164B517200BD34FA /* Social.framework in Frameworks */,
				382CE67C164B4D5200BD34FA /* Twitter.framework in Frameworks */,
				382CE679164B4D4900BD34FA /* MessageUI.framework in Frameworks */,
				38BC6B8F164B201B00FB3786 /* CoreLocation.framework in Frameworks */,
				38BC6B8D164AECD500FB3786 /* MapKit.framework in Frameworks */,
				389119EE164A233100983FB3 /* UIKit.framework in Frameworks */,
				389119F0164A233100983FB3 /* Foundation.framework in Frameworks */,
				389119F2164A233100983FB3 /* CoreGraphics.framework in Frameworks */,
			);
			runOnlyForDeploymentPostprocessing = 0;
		};
/* End PBXFrameworksBuildPhase section */

/* Begin PBXGroup section */
		384CD7F0165D582000AD97E5 /* Images */ = {
			isa = PBXGroup;
			children = (
				384CD813165DADF400AD97E5 /* About Us */,
				384CD805165D664B00AD97E5 /* Home Page */,
				384CD802165D60BD00AD97E5 /* Navigation Controller */,
				384CD7F1165D582700AD97E5 /* Tab Bar Controller */,
			);
			name = Images;
			sourceTree = "<group>";
		};
		384CD7F1165D582700AD97E5 /* Tab Bar Controller */ = {
			isa = PBXGroup;
			children = (
				384CD7F2165D584D00AD97E5 /* aboutTabButton_Pressed@2x.png */,
				384CD7F3165D584D00AD97E5 /* aboutTabButton@2x.png */,
				384CD7F4165D584D00AD97E5 /* contactTabButton_Pressed@2x.png */,
				384CD7F5165D584D00AD97E5 /* contactTabButton@2x.png */,
				384CD7F6165D584D00AD97E5 /* homeTabButton_Pressed@2x.png */,
				384CD7F7165D584D00AD97E5 /* homeTabButton@2x.png */,
				384CD7F8165D584D00AD97E5 /* menuTabButton_Pressed@2x.png */,
				384CD7F9165D584D00AD97E5 /* menuTabButton@2x.png */,
			);
			name = "Tab Bar Controller";
			sourceTree = "<group>";
		};
		384CD802165D60BD00AD97E5 /* Navigation Controller */ = {
			isa = PBXGroup;
			children = (
				384CD803165D60D300AD97E5 /* navigationHeader@2x.png */,
			);
			name = "Navigation Controller";
			sourceTree = "<group>";
		};
		384CD805165D664B00AD97E5 /* Home Page */ = {
			isa = PBXGroup;
			children = (
				38885988166476B0008F7518 /* image0@2x.png */,
				38885989166476B0008F7518 /* image1@2x.png */,
				3888598A166476B0008F7518 /* image2@2x.png */,
				3888598B166476B0008F7518 /* image3@2x.png */,
				384CD808165D7FF200AD97E5 /* bottomAd@2x.png */,
				384CD806165D665D00AD97E5 /* homePageBanner@2x.png */,
			);
			name = "Home Page";
			sourceTree = "<group>";
		};
		384CD813165DADF400AD97E5 /* About Us */ = {
			isa = PBXGroup;
			children = (
				384CD814165DAE5700AD97E5 /* aboutUsBanner@2x.png */,
			);
			name = "About Us";
			sourceTree = "<group>";
		};
		389119DE164A233100983FB3 = {
			isa = PBXGroup;
			children = (
				389119F3164A233100983FB3 /* BranzaBaseCode */,
				389119EC164A233100983FB3 /* Frameworks */,
				389119EA164A233100983FB3 /* Products */,
			);
			sourceTree = "<group>";
		};
		389119EA164A233100983FB3 /* Products */ = {
			isa = PBXGroup;
			children = (
				389119E9164A233100983FB3 /* BranzaBaseCode.app */,
			);
			name = Products;
			sourceTree = "<group>";
		};
		389119EC164A233100983FB3 /* Frameworks */ = {
			isa = PBXGroup;
			children = (
				382CE67D164B517200BD34FA /* Social.framework */,
				382CE67B164B4D5200BD34FA /* Twitter.framework */,
				382CE678164B4D4900BD34FA /* MessageUI.framework */,
				38BC6B8E164B201B00FB3786 /* CoreLocation.framework */,
				38BC6B8C164AECD500FB3786 /* MapKit.framework */,
				389119ED164A233100983FB3 /* UIKit.framework */,
				389119EF164A233100983FB3 /* Foundation.framework */,
				389119F1164A233100983FB3 /* CoreGraphics.framework */,
			);
			name = Frameworks;
			sourceTree = "<group>";
		};
		389119F3164A233100983FB3 /* BranzaBaseCode */ = {
			isa = PBXGroup;
			children = (
				38BC6B82164AE29F00FB3786 /* Resources */,
				38BC6B7B164ADF9B00FB3786 /* Views */,
				38BC6B7A164ADF9400FB3786 /* Model */,
				38BC6B78164ADF5900FB3786 /* Controller */,
				38911A10164A23AC00983FB3 /* Storyboards */,
				389119FC164A233100983FB3 /* AppDelegate.h */,
				389119FD164A233100983FB3 /* AppDelegate.m */,
				389119F4164A233100983FB3 /* Supporting Files */,
			);
			path = BranzaBaseCode;
			sourceTree = "<group>";
		};
		389119F4164A233100983FB3 /* Supporting Files */ = {
			isa = PBXGroup;
			children = (
				389119F5164A233100983FB3 /* BranzaBaseCode-Info.plist */,
				389119F6164A233100983FB3 /* InfoPlist.strings */,
				389119F9164A233100983FB3 /* main.m */,
				389119FB164A233100983FB3 /* BranzaBaseCode-Prefix.pch */,
				389119FF164A233100983FB3 /* Default.png */,
				38ADF57F166420F400AD4149 /* Default-568h@2x.png */,
				38ADF57D166420E600AD4149 /* Default@2x.png */,
			);
			name = "Supporting Files";
			sourceTree = "<group>";
		};
		38911A10164A23AC00983FB3 /* Storyboards */ = {
			isa = PBXGroup;
			children = (
				38911A05164A233100983FB3 /* MainStoryboard.storyboard */,
			);
			name = Storyboards;
			sourceTree = "<group>";
		};
		38BC6B78164ADF5900FB3786 /* Controller */ = {
			isa = PBXGroup;
			children = (
				38911A08164A233100983FB3 /* ViewController.h */,
				38911A09164A233100983FB3 /* ViewController.m */,
			);
			name = Controller;
			sourceTree = "<group>";
		};
		38BC6B7A164ADF9400FB3786 /* Model */ = {
			isa = PBXGroup;
			children = (
			);
			name = Model;
			sourceTree = "<group>";
		};
		38BC6B7B164ADF9B00FB3786 /* Views */ = {
			isa = PBXGroup;
			children = (
				38BC6B7F164AE23F00FB3786 /* MenuViewController.h */,
				38BC6B80164AE23F00FB3786 /* MenuViewController.m */,
				38BC6B7C164AE06300FB3786 /* ContactUsViewController.h */,
				38BC6B7D164AE06300FB3786 /* ContactUsViewController.m */,
				38BC6B89164AEC3800FB3786 /* LocationViewController.h */,
				38BC6B8A164AEC3800FB3786 /* LocationViewController.m */,
				38BC6B86164AE56900FB3786 /* AboutUsViewController.h */,
				38BC6B87164AE56900FB3786 /* AboutUsViewController.m */,
				384CD80A165D82C000AD97E5 /* YouTubeViewController.h */,
				384CD80B165D82C000AD97E5 /* YouTubeViewController.m */,
				384CD80D165D852200AD97E5 /* GooglePlusViewController.h */,
				384CD80E165D852200AD97E5 /* GooglePlusViewController.m */,
				385DA98E166F0B6E00385761 /* GoogleMapsViewController.h */,
				385DA98F166F0B6E00385761 /* GoogleMapsViewController.m */,
				3825C3D41661366300940043 /* CustomCell.h */,
				3825C3D51661366300940043 /* CustomCell.m */,
			);
			name = Views;
			sourceTree = "<group>";
		};
		38BC6B82164AE29F00FB3786 /* Resources */ = {
			isa = PBXGroup;
			children = (
				384CD7F0165D582000AD97E5 /* Images */,
				38BC6B83164AE2BA00FB3786 /* PDFs */,
			);
			name = Resources;
			sourceTree = "<group>";
		};
		38BC6B83164AE2BA00FB3786 /* PDFs */ = {
			isa = PBXGroup;
			children = (
				38BC6B84164AE2DA00FB3786 /* autoCADKeyboardShortcuts.pdf */,
			);
			name = PDFs;
			sourceTree = "<group>";
		};
/* End PBXGroup section */

/* Begin PBXNativeTarget section */
		389119E8164A233100983FB3 /* BranzaBaseCode */ = {
			isa = PBXNativeTarget;
			buildConfigurationList = 38911A0D164A233100983FB3 /* Build configuration list for PBXNativeTarget "BranzaBaseCode" */;
			buildPhases = (
				389119E5164A233100983FB3 /* Sources */,
				389119E6164A233100983FB3 /* Frameworks */,
				389119E7164A233100983FB3 /* Resources */,
			);
			buildRules = (
			);
			dependencies = (
			);
			name = BranzaBaseCode;
			productName = BranzaBaseCode;
			productReference = 389119E9164A233100983FB3 /* BranzaBaseCode.app */;
			productType = "com.apple.product-type.application";
		};
/* End PBXNativeTarget section */

/* Begin PBXProject section */
		389119E0164A233100983FB3 /* Project object */ = {
			isa = PBXProject;
			attributes = {
				LastUpgradeCheck = 0450;
				ORGANIZATIONNAME = Branza;
			};
			buildConfigurationList = 389119E3164A233100983FB3 /* Build configuration list for PBXProject "BranzaBaseCode" */;
			compatibilityVersion = "Xcode 3.2";
			developmentRegion = English;
			hasScannedForEncodings = 0;
			knownRegions = (
				en,
			);
			mainGroup = 389119DE164A233100983FB3;
			productRefGroup = 389119EA164A233100983FB3 /* Products */;
			projectDirPath = "";
			projectRoot = "";
			targets = (
				389119E8164A233100983FB3 /* BranzaBaseCode */,
			);
		};
/* End PBXProject section */

/* Begin PBXResourcesBuildPhase section */
		389119E7164A233100983FB3 /* Resources */ = {
			isa = PBXResourcesBuildPhase;
			buildActionMask = 2147483647;
			files = (
				389119F8164A233100983FB3 /* InfoPlist.strings in Resources */,
				38911A00164A233100983FB3 /* Default.png in Resources */,
				38911A07164A233100983FB3 /* MainStoryboard.storyboard in Resources */,
				38BC6B85164AE2DA00FB3786 /* autoCADKeyboardShortcuts.pdf in Resources */,
				384CD7FA165D584D00AD97E5 /* aboutTabButton_Pressed@2x.png in Resources */,
				384CD7FB165D584D00AD97E5 /* aboutTabButton@2x.png in Resources */,
				384CD7FC165D584D00AD97E5 /* contactTabButton_Pressed@2x.png in Resources */,
				384CD7FD165D584D00AD97E5 /* contactTabButton@2x.png in Resources */,
				384CD7FE165D584D00AD97E5 /* homeTabButton_Pressed@2x.png in Resources */,
				384CD7FF165D584D00AD97E5 /* homeTabButton@2x.png in Resources */,
				384CD800165D584D00AD97E5 /* menuTabButton_Pressed@2x.png in Resources */,
				384CD801165D584D00AD97E5 /* menuTabButton@2x.png in Resources */,
				384CD804165D60D300AD97E5 /* navigationHeader@2x.png in Resources */,
				384CD807165D665D00AD97E5 /* homePageBanner@2x.png in Resources */,
				384CD809165D7FF200AD97E5 /* bottomAd@2x.png in Resources */,
				384CD815165DAE5700AD97E5 /* aboutUsBanner@2x.png in Resources */,
				38ADF57E166420E600AD4149 /* Default@2x.png in Resources */,
				38ADF580166420F400AD4149 /* Default-568h@2x.png in Resources */,
				3888598C166476B0008F7518 /* image0@2x.png in Resources */,
				3888598D166476B0008F7518 /* image1@2x.png in Resources */,
				3888598E166476B0008F7518 /* image2@2x.png in Resources */,
				3888598F166476B0008F7518 /* image3@2x.png in Resources */,
			);
			runOnlyForDeploymentPostprocessing = 0;
		};
/* End PBXResourcesBuildPhase section */

/* Begin PBXSourcesBuildPhase section */
		389119E5164A233100983FB3 /* Sources */ = {
			isa = PBXSourcesBuildPhase;
			buildActionMask = 2147483647;
			files = (
				389119FA164A233100983FB3 /* main.m in Sources */,
				389119FE164A233100983FB3 /* AppDelegate.m in Sources */,
				38911A0A164A233100983FB3 /* ViewController.m in Sources */,
				38BC6B7E164AE06300FB3786 /* ContactUsViewController.m in Sources */,
				38BC6B81164AE23F00FB3786 /* MenuViewController.m in Sources */,
				38BC6B88164AE56900FB3786 /* AboutUsViewController.m in Sources */,
				38BC6B8B164AEC3800FB3786 /* LocationViewController.m in Sources */,
				384CD80C165D82C000AD97E5 /* YouTubeViewController.m in Sources */,
				384CD80F165D852200AD97E5 /* GooglePlusViewController.m in Sources */,
				3825C3D61661366300940043 /* CustomCell.m in Sources */,
				385DA990166F0B6E00385761 /* GoogleMapsViewController.m in Sources */,
			);
			runOnlyForDeploymentPostprocessing = 0;
		};
/* End PBXSourcesBuildPhase section */

/* Begin PBXVariantGroup section */
		389119F6164A233100983FB3 /* InfoPlist.strings */ = {
			isa = PBXVariantGroup;
			children = (
				389119F7164A233100983FB3 /* en */,
			);
			name = InfoPlist.strings;
			sourceTree = "<group>";
		};
		38911A05164A233100983FB3 /* MainStoryboard.storyboard */ = {
			isa = PBXVariantGroup;
			children = (
				38911A06164A233100983FB3 /* en */,
			);
			name = MainStoryboard.storyboard;
			sourceTree = "<group>";
		};
/* End PBXVariantGroup section */

/* Begin XCBuildConfiguration section */
		38911A0B164A233100983FB3 /* Debug */ = {
			isa = XCBuildConfiguration;
			buildSettings = {
				ALWAYS_SEARCH_USER_PATHS = NO;
				CLANG_CXX_LANGUAGE_STANDARD = "gnu++0x";
				CLANG_CXX_LIBRARY = "libc++";
				CLANG_ENABLE_OBJC_ARC = YES;
				CLANG_WARN_EMPTY_BODY = YES;
				CLANG_WARN__DUPLICATE_METHOD_MATCH = YES;
				CODE_SIGN_IDENTITY = "iPhone Developer: lance gorji (5JU24XQFGT)";
				"CODE_SIGN_IDENTITY[sdk=iphoneos*]" = "iPhone Developer";
				COPY_PHASE_STRIP = NO;
				GCC_C_LANGUAGE_STANDARD = gnu99;
				GCC_DYNAMIC_NO_PIC = NO;
				GCC_OPTIMIZATION_LEVEL = 0;
				GCC_PREPROCESSOR_DEFINITIONS = (
					"DEBUG=1",
					"$(inherited)",
				);
				GCC_SYMBOLS_PRIVATE_EXTERN = NO;
				GCC_WARN_ABOUT_RETURN_TYPE = YES;
				GCC_WARN_UNINITIALIZED_AUTOS = YES;
				GCC_WARN_UNUSED_VARIABLE = YES;
				IPHONEOS_DEPLOYMENT_TARGET = 6.0;
				ONLY_ACTIVE_ARCH = YES;
				PROVISIONING_PROFILE = "869125E0-06C5-4E58-8D43-CC9FAF3B382B";
				"PROVISIONING_PROFILE[sdk=iphoneos*]" = "";
				SDKROOT = iphoneos;
			};
			name = Debug;
		};
		38911A0C164A233100983FB3 /* Release */ = {
			isa = XCBuildConfiguration;
			buildSettings = {
				ALWAYS_SEARCH_USER_PATHS = NO;
				CLANG_CXX_LANGUAGE_STANDARD = "gnu++0x";
				CLANG_CXX_LIBRARY = "libc++";
				CLANG_ENABLE_OBJC_ARC = YES;
				CLANG_WARN_EMPTY_BODY = YES;
				CLANG_WARN__DUPLICATE_METHOD_MATCH = YES;
				CODE_SIGN_IDENTITY = "iPhone Distribution: Branza inc";
				"CODE_SIGN_IDENTITY[sdk=iphoneos*]" = "iPhone Developer";
				COPY_PHASE_STRIP = YES;
				GCC_C_LANGUAGE_STANDARD = gnu99;
				GCC_WARN_ABOUT_RETURN_TYPE = YES;
				GCC_WARN_UNINITIALIZED_AUTOS = YES;
				GCC_WARN_UNUSED_VARIABLE = YES;
				IPHONEOS_DEPLOYMENT_TARGET = 6.0;
				OTHER_CFLAGS = "-DNS_BLOCK_ASSERTIONS=1";
				PROVISIONING_PROFILE = "F1684027-98FC-4D4F-B46F-75E9FCC3F436";
				SDKROOT = iphoneos;
				VALIDATE_PRODUCT = YES;
			};
			name = Release;
		};
		38911A0E164A233100983FB3 /* Debug */ = {
			isa = XCBuildConfiguration;
			buildSettings = {
				CODE_SIGN_IDENTITY = "iPhone Developer";
				GCC_PRECOMPILE_PREFIX_HEADER = YES;
				GCC_PREFIX_HEADER = "BranzaBaseCode/BranzaBaseCode-Prefix.pch";
				INFOPLIST_FILE = "BranzaBaseCode/BranzaBaseCode-Info.plist";
				PRODUCT_NAME = "$(TARGET_NAME)";
				PROVISIONING_PROFILE = "";
				WRAPPER_EXTENSION = app;
			};
			name = Debug;
		};
		38911A0F164A233100983FB3 /* Release */ = {
			isa = XCBuildConfiguration;
			buildSettings = {
				CODE_SIGN_IDENTITY = "iPhone Distribution: Branza inc";
				GCC_PRECOMPILE_PREFIX_HEADER = YES;
				GCC_PREFIX_HEADER = "BranzaBaseCode/BranzaBaseCode-Prefix.pch";
				INFOPLIST_FILE = "BranzaBaseCode/BranzaBaseCode-Info.plist";
				PRODUCT_NAME = "$(TARGET_NAME)";
				PROVISIONING_PROFILE = "F1684027-98FC-4D4F-B46F-75E9FCC3F436";
				WRAPPER_EXTENSION = app;
			};
			name = Release;
		};
/* End XCBuildConfiguration section */

/* Begin XCConfigurationList section */
		389119E3164A233100983FB3 /* Build configuration list for PBXProject "BranzaBaseCode" */ = {
			isa = XCConfigurationList;
			buildConfigurations = (
				38911A0B164A233100983FB3 /* Debug */,
				38911A0C164A233100983FB3 /* Release */,
			);
			defaultConfigurationIsVisible = 0;
			defaultConfigurationName = Release;
		};
		38911A0D164A233100983FB3 /* Build configuration list for PBXNativeTarget "BranzaBaseCode" */ = {
			isa = XCConfigurationList;
			buildConfigurations = (
				38911A0E164A233100983FB3 /* Debug */,
				38911A0F164A233100983FB3 /* Release */,
			);
			defaultConfigurationIsVisible = 0;
			defaultConfigurationName = Release;
		};
/* End XCConfigurationList section */
	};
	rootObject = 389119E0164A233100983FB3 /* Project object */;
}
